# This file was generated by Aiken
# You typically do not need to edit this file

[[requirements]]
name = "aiken-lang/merkle-patricia-forestry"
version = "main"
source = "github"

[[requirements]]
name = "aiken-lang/stdlib"
version = "v2"
source = "github"

[[requirements]]
name = "aiken-lang/fuzz"
version = "v2"
source = "github"

[[packages]]
name = "aiken-lang/merkle-patricia-forestry"
version = "main"
requirements = []
source = "github"

[[packages]]
name = "aiken-lang/stdlib"
version = "v2"
requirements = []
source = "github"

[[packages]]
name = "aiken-lang/fuzz"
version = "v2"
requirements = []
source = "github"

[etags]
"aiken-lang/fuzz@v2" = [{ secs_since_epoch = 1772543346, nanos_since_epoch = 525868000 }, "9843473958e51725a9274b487d2d4aac0395ec1a2e30f090724fa737226bc127"]
"aiken-lang/merkle-patricia-forestry@main" = [{ secs_since_epoch = 1772543345, nanos_since_epoch = 732117000 }, "d83ca664e6b48161a7e2b88366c785da43832a352d0d3365ba9e6aea0bb46dac"]
"aiken-lang/stdlib@v2" = [{ secs_since_epoch = 1772543346, nanos_since_epoch = 94972000 }, "6928535a4098118e5f2a30478caf80defeec5e128b4768da88c97399bb563b6d"]
